
Microsoft Visual Studio Solution File, Format Version 12.00
# Visual Studio Version 17
VisualStudioVersion = 17.1.32319.34
MinimumVisualStudioVersion = 10.0.40219.1
Project("{FAE04EC0-301F-11D3-BF4B-00C04F79EFBC}") = "QLThuVienSach", "QLThuVienSach\QLThuVienSach.csproj", "{24495DA7-18EE-4B9E-98D3-5212A68F2626}"
EndProject
Global
	GlobalSection(SolutionConfigurationPlatforms) = preSolution
		Debug|Any CPU = Debug|Any CPU
		Release|Any CPU = Release|Any CPU
	EndGlobalSection
	GlobalSection(ProjectConfigurationPlatforms) = postSolution
		{24495DA7-18EE-4B9E-98D3-5212A68F2626}.Debug|Any CPU.ActiveCfg = Debug|Any CPU
		{24495DA7-18EE-4B9E-98D3-5212A68F2626}.Debug|Any CPU.Build.0 = Debug|Any CPU
		{24495DA7-18EE-4B9E-98D3-5212A68F2626}.Release|Any CPU.ActiveCfg = Release|Any CPU
		{24495DA7-18EE-4B9E-98D3-5212A68F2626}.Release|Any CPU.Build.0 = Release|Any CPU
	EndGlobalSection
	GlobalSection(SolutionProperties) = preSolution
		HideSolutionNode = FALSE
	EndGlobalSection
	GlobalSection(ExtensibilityGlobals) = postSolution
		SolutionGuid = {95F13FC4-3CD7-48C3-A171-4EFBB4BF96B4}
	EndGlobalSection
EndGlobal
